
Microsoft Visual Studio Solution File, Format Version 12.00
# Visual Studio Version 16
VisualStudioVersion = 16.0.31129.286
MinimumVisualStudioVersion = 10.0.40219.1
Project("{FAE04EC0-301F-11D3-BF4B-00C04F79EFBC}") = "Challenge WarmUp Alkemy", "Challenge WarmUp Alkemy\Challenge WarmUp Alkemy.csproj", "{AD096E0D-6526-4C02-8ADE-3C2501C2AB53}"
EndProject
Global
	GlobalSection(SolutionConfigurationPlatforms) = preSolution
		Debug|Any CPU = Debug|Any CPU
		Release|Any CPU = Release|Any CPU
	EndGlobalSection
	GlobalSection(ProjectConfigurationPlatforms) = postSolution
		{AD096E0D-6526-4C02-8ADE-3C2501C2AB53}.Debug|Any CPU.ActiveCfg = Debug|Any CPU
		{AD096E0D-6526-4C02-8ADE-3C2501C2AB53}.Debug|Any CPU.Build.0 = Debug|Any CPU
		{AD096E0D-6526-4C02-8ADE-3C2501C2AB53}.Release|Any CPU.ActiveCfg = Release|Any CPU
		{AD096E0D-6526-4C02-8ADE-3C2501C2AB53}.Release|Any CPU.Build.0 = Release|Any CPU
	EndGlobalSection
	GlobalSection(SolutionProperties) = preSolution
		HideSolutionNode = FALSE
	EndGlobalSection
	GlobalSection(ExtensibilityGlobals) = postSolution
		SolutionGuid = {AA6EFD65-2CB5-40E8-8A3D-0D1A4F0B7746}
	EndGlobalSection
EndGlobal
